
Microsoft Visual Studio Solution File, Format Version 12.00
# Visual Studio Version 16
VisualStudioVersion = 16.0.30804.86
MinimumVisualStudioVersion = 10.0.40219.1
Project("{9A19103F-16F7-4668-BE54-9A1E7A4F7556}") = "smarthome.mqttService", "smarthome.mqttService.csproj", "{B591F27D-544D-42FC-AD7A-88E72E7C0772}"
EndProject
Global
	GlobalSection(SolutionConfigurationPlatforms) = preSolution
		Debug|Any CPU = Debug|Any CPU
		Release|Any CPU = Release|Any CPU
	EndGlobalSection
	GlobalSection(ProjectConfigurationPlatforms) = postSolution
		{B591F27D-544D-42FC-AD7A-88E72E7C0772}.Debug|Any CPU.ActiveCfg = Debug|Any CPU
		{B591F27D-544D-42FC-AD7A-88E72E7C0772}.Debug|Any CPU.Build.0 = Debug|Any CPU
		{B591F27D-544D-42FC-AD7A-88E72E7C0772}.Release|Any CPU.ActiveCfg = Release|Any CPU
		{B591F27D-544D-42FC-AD7A-88E72E7C0772}.Release|Any CPU.Build.0 = Release|Any CPU
	EndGlobalSection
	GlobalSection(SolutionProperties) = preSolution
		HideSolutionNode = FALSE
	EndGlobalSection
	GlobalSection(ExtensibilityGlobals) = postSolution
		SolutionGuid = {0F7CE10F-3CF8-4017-B613-9A03BD642EC9}
	EndGlobalSection
EndGlobal
